
Microsoft Visual Studio Solution File, Format Version 12.00
# Visual Studio 15
VisualStudioVersion = 15.0.28010.2003
MinimumVisualStudioVersion = 10.0.40219.1
Project("{8BC9CEB8-8B4A-11D0-8D11-00A0C91BC942}") = "Project13", "Project13\Project13.vcxproj", "{D47FC2E8-1FC5-45FF-B71C-A517C9CAB553}"
EndProject
Global
	GlobalSection(SolutionConfigurationPlatforms) = preSolution
		Debug|x64 = Debug|x64
		Debug|x86 = Debug|x86
		Release|x64 = Release|x64
		Release|x86 = Release|x86
	EndGlobalSection
	GlobalSection(ProjectConfigurationPlatforms) = postSolution
		{D47FC2E8-1FC5-45FF-B71C-A517C9CAB553}.Debug|x64.ActiveCfg = Debug|x64
		{D47FC2E8-1FC5-45FF-B71C-A517C9CAB553}.Debug|x64.Build.0 = Debug|x64
		{D47FC2E8-1FC5-45FF-B71C-A517C9CAB553}.Debug|x86.ActiveCfg = Debug|Win32
		{D47FC2E8-1FC5-45FF-B71C-A517C9CAB553}.Debug|x86.Build.0 = Debug|Win32
		{D47FC2E8-1FC5-45FF-B71C-A517C9CAB553}.Release|x64.ActiveCfg = Release|x64
		{D47FC2E8-1FC5-45FF-B71C-A517C9CAB553}.Release|x64.Build.0 = Release|x64
		{D47FC2E8-1FC5-45FF-B71C-A517C9CAB553}.Release|x86.ActiveCfg = Release|Win32
		{D47FC2E8-1FC5-45FF-B71C-A517C9CAB553}.Release|x86.Build.0 = Release|Win32
	EndGlobalSection
	GlobalSection(SolutionProperties) = preSolution
		HideSolutionNode = FALSE
	EndGlobalSection
	GlobalSection(ExtensibilityGlobals) = postSolution
		SolutionGuid = {3E7FE3DD-ADC5-4093-BA46-760094256C2F}
	EndGlobalSection
EndGlobal
